
Microsoft Visual Studio Solution File, Format Version 12.00
# Visual Studio Version 16
VisualStudioVersion = 16.0.30330.147
MinimumVisualStudioVersion = 10.0.40219.1
Project("{9A19103F-16F7-4668-BE54-9A1E7A4F7556}") = "ContractorServer", "ContractorServer\ContractorServer.csproj", "{F9308990-12E8-4DA0-A53A-45C8D17EDD1E}"
EndProject
Project("{9A19103F-16F7-4668-BE54-9A1E7A4F7556}") = "Server", "Server\Server.csproj", "{3AF65DA0-ABF8-497B-B6A7-566F2744EBF2}"
EndProject
Global
	GlobalSection(SolutionConfigurationPlatforms) = preSolution
		Debug|Any CPU = Debug|Any CPU
		Release|Any CPU = Release|Any CPU
	EndGlobalSection
	GlobalSection(ProjectConfigurationPlatforms) = postSolution
		{F9308990-12E8-4DA0-A53A-45C8D17EDD1E}.Debug|Any CPU.ActiveCfg = Debug|Any CPU
		{F9308990-12E8-4DA0-A53A-45C8D17EDD1E}.Debug|Any CPU.Build.0 = Debug|Any CPU
		{F9308990-12E8-4DA0-A53A-45C8D17EDD1E}.Release|Any CPU.ActiveCfg = Release|Any CPU
		{F9308990-12E8-4DA0-A53A-45C8D17EDD1E}.Release|Any CPU.Build.0 = Release|Any CPU
		{3AF65DA0-ABF8-497B-B6A7-566F2744EBF2}.Debug|Any CPU.ActiveCfg = Debug|Any CPU
		{3AF65DA0-ABF8-497B-B6A7-566F2744EBF2}.Debug|Any CPU.Build.0 = Debug|Any CPU
		{3AF65DA0-ABF8-497B-B6A7-566F2744EBF2}.Release|Any CPU.ActiveCfg = Release|Any CPU
		{3AF65DA0-ABF8-497B-B6A7-566F2744EBF2}.Release|Any CPU.Build.0 = Release|Any CPU
	EndGlobalSection
	GlobalSection(SolutionProperties) = preSolution
		HideSolutionNode = FALSE
	EndGlobalSection
	GlobalSection(ExtensibilityGlobals) = postSolution
		SolutionGuid = {0037C54A-7B70-40A2-9669-E5061AD66B4E}
	EndGlobalSection
EndGlobal
